version = 1
revision = 3
requires-python = ">=3.14"

[[package]]
name = "attrs"
version = "26.1.0"
source = { registry = "https://pypi.org/simple" }
sdist = { url = "https://files.pythonhosted.org/packages/9a/8e/82a0fe20a541c03148528be8cac2408564a6c9a0cc7e9171802bc1d26985/attrs-26.1.0.tar.gz", hash = "sha256:d03ceb89cb322a8fd706d4fb91940737b6642aa36998fe130a9bc96c985eff32", size = 952055, upload-time = "2026-03-19T14:22:25.026Z" }
wheels = [
    { url = "https://files.pythonhosted.org/packages/64/b4/17d4b0b2a2dc85a6df63d1157e028ed19f90d4cd97c36717afef2bc2f395/attrs-26.1.0-py3-none-any.whl", hash = "sha256:c647aa4a12dfbad9333ca4e71fe62ddc36f4e63b2d260a37a8b83d2f043ac309", size = 67548, upload-time = "2026-03-19T14:22:23.645Z" },
]

[[package]]
name = "booleanoperations"
version = "0.10.0"
source = { registry = "https://pypi.org/simple" }
dependencies = [
    { name = "fonttools" },
    { name = "pyclipper" },
]
sdist = { url = "https://files.pythonhosted.org/packages/b4/6e/63c0dba783d3811cdfe675883cafa4dec03fdd9d77b5743c58da01890dfe/booleanoperations-0.10.0.tar.gz", hash = "sha256:6d719f560d2a1dd676c812b844ecceb693c96791c76579089ab7d0f5db5cedbe", size = 167248, upload-time = "2026-01-15T18:41:03.102Z" }
wheels = [
    { url = "https://files.pythonhosted.org/packages/52/50/9293f0e97f0029773c4b85c5058417aff8a19266f34a140c014b5e1bd887/booleanoperations-0.10.0-py3-none-any.whl", hash = "sha256:7d2537ec0c3763214bcfa2981a2a70995eb7bec2f76c9fb9eacac30545ba5808", size = 19236, upload-time = "2026-01-15T18:41:01.246Z" },
]

[[package]]
name = "cffsubr"
version = "0.4.0"
source = { registry = "https://pypi.org/simple" }
dependencies = [
    { name = "fonttools" },
]
sdist = { url = "https://files.pythonhosted.org/packages/57/09/5987a51eeb193c700f48984502c4e7de863b2e55f3b91b66543d6f7b3b58/cffsubr-0.4.0.tar.gz", hash = "sha256:2c321b6807bd95856d921ed9dce8506495cf49fc7a89a63cb942e8bece13addd", size = 17944613, upload-time = "2025-12-05T11:26:23.001Z" }
wheels = [
    { url = "https://files.pythonhosted.org/packages/d0/b8/9250c0e579620662cfee36ac56d0fe8c55b76f8a7556ac31d64cd4dbb8b0/cffsubr-0.4.0-py3-none-macosx_10_9_universal2.whl", hash = "sha256:7f325042ff5c32eaac08f72696ffb71c0d394b086244dca72acc98314e6bb5ca", size = 732381, upload-time = "2025-12-05T11:26:16.253Z" },
    { url = "https://files.pythonhosted.org/packages/8c/7a/c3e9e648ffd3a6cc78d4fda4106ac8bb1731bdb4f028b7aeabfe60bf6345/cffsubr-0.4.0-py3-none-manylinux_2_28_aarch64.whl", hash = "sha256:1d5efde2e7c206d39051a1f0f566baafacb3c5426c80cd745f9ae54e148b0733", size = 1058704, upload-time = "2025-12-05T11:26:17.913Z" },
    { url = "https://files.pythonhosted.org/packages/01/ae/455cae8777d7d91fd6f18c0793376211c66d9abd4bf90bd8378967d4ca75/cffsubr-0.4.0-py3-none-manylinux_2_28_x86_64.whl", hash = "sha256:4e1788e503cfd12c00820ba8a61b55090b8380d359d5be538e57f96f477983a5", size = 1094971, upload-time = "2025-12-05T11:26:19.267Z" },
    { url = "https://files.pythonhosted.org/packages/36/be/0344e972fd5fb615533556f128a8956075602a2244ade7b89fac7fbb6e29/cffsubr-0.4.0-py3-none-win32.whl", hash = "sha256:67bdedb0b0567a185e9e76505ffc0330366d6d3d2a15feb4f85382afa0316352", size = 794691, upload-time = "2025-12-05T11:26:20.351Z" },
    { url = "https://files.pythonhosted.org/packages/d6/72/a6963693af9af7fcfdda63a641c73408ea771dda09a1c3a6b997146511e1/cffsubr-0.4.0-py3-none-win_amd64.whl", hash = "sha256:d80dc418b8babacd7c68a7cfca6d67fb2949671c80d95783e8f025c68ff683c6", size = 966138, upload-time = "2025-12-05T11:26:21.435Z" },
]

[[package]]
name = "colorama"
version = "0.4.6"
source = { registry = "https://pypi.org/simple" }
sdist = { url = "https://files.pythonhosted.org/packages/d8/53/6f443c9a4a8358a93a6792e2acffb9d9d5cb0a5cfd8802644b7b1c9a02e4/colorama-0.4.6.tar.gz", hash = "sha256:08695f5cb7ed6e0531a20572697297273c47b8cae5a63ffc6d6ed5c201be6e44", size = 27697, upload-time = "2022-10-25T02:36:22.414Z" }
wheels = [
    { url = "https://files.pythonhosted.org/packages/d1/d6/3965ed04c63042e047cb6a3e6ed1a63a35087b6a609aa3a15ed8ac56c221/colorama-0.4.6-py2.py3-none-any.whl", hash = "sha256:4f1d9991f5acc0ca119f9d443620b77f9d6b33703e51011c16baf57afb285fc6", size = 25335, upload-time = "2022-10-25T02:36:20.889Z" },
]

[[package]]
name = "fontmath"
version = "0.10.0"
source = { registry = "https://pypi.org/simple" }
dependencies = [
    { name = "fonttools" },
]
sdist = { url = "https://files.pythonhosted.org/packages/69/a5/9abc6de47d7fe4bb7ec7bd3bf67aceb7fcdf7164083d7dfb1e1beb5b0f39/fontmath-0.10.0.tar.gz", hash = "sha256:7b0b39336d83d7fc03fb9dc3c662ef7d26b2c15355a34c643d1cfbd03f89fb74", size = 31075, upload-time = "2026-02-03T16:15:24.628Z" }
wheels = [
    { url = "https://files.pythonhosted.org/packages/ec/90/e5a24e71f4ce52ffe0cb01183b680b35755d168eefdf4dd18bb7f9e16968/fontmath-0.10.0-py2.py3-none-any.whl", hash = "sha256:d7042cd07dadcb8fc1da6f2635cee7112d1c5b2043e5ad43ed3da3a9083d614d", size = 32373, upload-time = "2026-02-03T16:15:23.15Z" },
]

[[package]]
name = "fonttools"
version = "4.63.0"
source = { registry = "https://pypi.org/simple" }
sdist = { url = "https://files.pythonhosted.org/packages/84/69/c97f2c18e0db87d2c7b15da1974dace76ae938f1cfa22e2727a648b7ed43/fonttools-4.63.0.tar.gz", hash = "sha256:caeb583deeb5168e694b65cda8b4ee62abedfa66cf88488734466f2366b9c4e0", size = 3597189, upload-time = "2026-05-14T12:04:30.958Z" }
wheels = [
    { url = "https://files.pythonhosted.org/packages/27/d2/23d25e3f247b328be58d04a4c9f894178a0d1eda7d42867cfb388adaf416/fonttools-4.63.0-cp314-cp314-macosx_10_15_universal2.whl", hash = "sha256:fd1e3094f42d806d3d7c79162fc59e5910fcbe3a7360c385b8da969bc4493745", size = 2875338, upload-time = "2026-05-14T12:03:50.052Z" },
    { url = "https://files.pythonhosted.org/packages/cd/58/7dfa0c761cb3b2964e2a84c4dc986c926a87de0cb9fb60d5b28ded3f2914/fonttools-4.63.0-cp314-cp314-macosx_10_15_x86_64.whl", hash = "sha256:6e528da43bc3791085f8cb6141b1d13e459226790240340fcbb4625649238b03", size = 2422661, upload-time = "2026-05-14T12:03:52.154Z" },
    { url = "https://files.pythonhosted.org/packages/dd/87/64cfa18a7a1621d17b7f4502b2b0ed8a135a90c3db51ea590ee99043e76b/fonttools-4.63.0-cp314-cp314-manylinux2014_aarch64.manylinux_2_17_aarch64.manylinux_2_28_aarch64.whl", hash = "sha256:6b2248c5decb223562f7902ff6325077a073f608ee8e33e88ad88db734eb9f49", size = 5010526, upload-time = "2026-05-14T12:03:54.647Z" },
    { url = "https://files.pythonhosted.org/packages/36/e1/a8933a72c45a87177fbde2696e0d0755c8c9062f8c077a961c6215fa27b1/fonttools-4.63.0-cp314-cp314-manylinux2014_x86_64.manylinux_2_17_x86_64.whl", hash = "sha256:308f957cdeaf8abe4e5f2f124902ef405448af92c90f80e302a3b771c2e6116b", size = 4923946, upload-time = "2026-05-14T12:03:56.984Z" },
    { url = "https://files.pythonhosted.org/packages/27/60/872e6e233b8c5e8b41413796ff18b7fe479661bd40147e071b450dfad7a1/fonttools-4.63.0-cp314-cp314-musllinux_1_2_aarch64.whl", hash = "sha256:bf00f21eb5fb721dbaf73d1e9da6d02a1af7768f2ebcf9798be98beab8ba90f6", size = 4962489, upload-time = "2026-05-14T12:03:59.443Z" },
    { url = "https://files.pythonhosted.org/packages/30/c4/83c24f2ec38b90cfda84bf4b1a1f49df80e84a1db4e7ac6e0d41bf23bc39/fonttools-4.63.0-cp314-cp314-musllinux_1_2_x86_64.whl", hash = "sha256:c1aaa4b9c75798400ac043ce04d74e7830376c85095a5a6ed7cba2f17a266bf4", size = 5071870, upload-time = "2026-05-14T12:04:02.122Z" },
    { url = "https://files.pythonhosted.org/packages/de/40/3ae22b60ff1d41ce0bd044b31238cdc72cef99f28b976f1e128ebd618c9b/fonttools-4.63.0-cp314-cp314-win32.whl", hash = "sha256:22693918177bd9ceabec4736d338045f357769416fc6b0b2508eefef75b08616", size = 2295026, upload-time = "2026-05-14T12:04:04.47Z" },
    { url = "https://files.pythonhosted.org/packages/c3/d4/98078064ccc76b45cb0f6c002452011e93c4bd26f6850344f0951cc1fe89/fonttools-4.63.0-cp314-cp314-win_amd64.whl", hash = "sha256:7d782fac32985914c351556f68ac0855391572bcd87de50e05970d3cd4c96fc5", size = 2347454, upload-time = "2026-05-14T12:04:06.752Z" },
    { url = "https://files.pythonhosted.org/packages/49/4e/652d1580c5f4e39f7d103b0c793e4773129ad633dce4addd0cf4dfebde02/fonttools-4.63.0-cp314-cp314t-macosx_10_15_universal2.whl", hash = "sha256:6db5140a60a5d731d21ec076745b40a310607731b0a565b50776393188649001", size = 2958152, upload-time = "2026-05-14T12:04:08.706Z" },
    { url = "https://files.pythonhosted.org/packages/0e/55/ad864c9a9b219f552eb46b32cd7906c466e5a578ba0c3abfcc0fe7413eb6/fonttools-4.63.0-cp314-cp314t-macosx_10_15_x86_64.whl", hash = "sha256:7d76edbff9014094dbf03bd2d074709dfa6ec7aba13d838c937a2b33d2d6a86e", size = 2460809, upload-time = "2026-05-14T12:04:10.783Z" },
    { url = "https://files.pythonhosted.org/packages/ea/2b/0aa8db70f18cf52e49b4ed5ecec68547f981160bf5ded3b5aed6faa0a6f9/fonttools-4.63.0-cp314-cp314t-manylinux2014_aarch64.manylinux_2_17_aarch64.manylinux_2_28_aarch64.whl", hash = "sha256:0eac00b9118c3c2f87d272e45341871c5b3066baa3c86897fa634a7c3fb59096", size = 5148649, upload-time = "2026-05-14T12:04:12.747Z" },
    { url = "https://files.pythonhosted.org/packages/7f/63/18e4369c25043096f1048e0c9915951adc4f842bd81c6b18155824d6fa99/fonttools-4.63.0-cp314-cp314t-manylinux2014_x86_64.manylinux_2_17_x86_64.whl", hash = "sha256:51394295f1a51de8b5f30bdb1e1b9a4231536c7064ef5c6e211eec19fa36036f", size = 4932147, upload-time = "2026-05-14T12:04:14.806Z" },
    { url = "https://files.pythonhosted.org/packages/a1/3f/67f3eac2ffd8a98446c5022f8ed3864eac878a5ff7af8df4c8286dba16cc/fonttools-4.63.0-cp314-cp314t-musllinux_1_2_aarch64.whl", hash = "sha256:9e12f105d2b6342c559c298afb674006bb2893afc7102dcf8a1b55b0486b4e40", size = 5027237, upload-time = "2026-05-14T12:04:17.675Z" },
    { url = "https://files.pythonhosted.org/packages/1a/ba/4e6214cb38a7b04779e97bb7636de9a5c7f20af7018d03dee0b64c08510a/fonttools-4.63.0-cp314-cp314t-musllinux_1_2_x86_64.whl", hash = "sha256:796f27556dbe094c4824f75ca85267e4df776c79036c8441469a4df37038c196", size = 5053933, upload-time = "2026-05-14T12:04:20.818Z" },
    { url = "https://files.pythonhosted.org/packages/34/3b/214dcc19ee31d3d38fb5ad2755c11ef0514e5dc300bbaf41c0b69f393799/fonttools-4.63.0-cp314-cp314t-win32.whl", hash = "sha256:948428a275741f0b64b113c955425a953314f4b9ab9997f73a72c83e68e569c8", size = 2359326, upload-time = "2026-05-14T12:04:24.22Z" },
    { url = "https://files.pythonhosted.org/packages/dd/1e/3ff1a9b523058c2eeb6a9d50f5574e2a738200d0d94107d5bc4105e8da3f/fonttools-4.63.0-cp314-cp314t-win_amd64.whl", hash = "sha256:6d4741eb179121cab9eea4cb2393d24492373a260d7945006358c08cfbf45419", size = 2425829, upload-time = "2026-05-14T12:04:26.829Z" },
    { url = "https://files.pythonhosted.org/packages/2c/47/c99d5268f354002ce80f8d029cd9d7d872969da1de8b93d32de4dc56d6f4/fonttools-4.63.0-py3-none-any.whl", hash = "sha256:445af2eab030a16b9171ea8bdda7ebf7d96bda2df88ee182a464252f6e05e20d", size = 1164562, upload-time = "2026-05-14T12:04:29.092Z" },
]

[[package]]
name = "pyclipper"
version = "1.4.0"
source = { registry = "https://pypi.org/simple" }
sdist = { url = "https://files.pythonhosted.org/packages/f6/21/3c06205bb407e1f79b73b7b4dfb3950bd9537c4f625a68ab5cc41177f5bc/pyclipper-1.4.0.tar.gz", hash = "sha256:9882bd889f27da78add4dd6f881d25697efc740bf840274e749988d25496c8e1", size = 54489, upload-time = "2025-12-01T13:15:35.015Z" }
wheels = [
    { url = "https://files.pythonhosted.org/packages/1a/20/04d58c70f3ccd404f179f8dd81d16722a05a3bf1ab61445ee64e8218c1f8/pyclipper-1.4.0-cp314-cp314-macosx_10_15_universal2.whl", hash = "sha256:7c87480fc91a5af4c1ba310bdb7de2f089a3eeef5fe351a3cedc37da1fcced1c", size = 265167, upload-time = "2025-12-01T13:15:20.844Z" },
    { url = "https://files.pythonhosted.org/packages/bd/2e/a570c1abe69b7260ca0caab4236ce6ea3661193ebf8d1bd7f78ccce537a5/pyclipper-1.4.0-cp314-cp314-macosx_10_15_x86_64.whl", hash = "sha256:81d8bb2d1fb9d66dc7ea4373b176bb4b02443a7e328b3b603a73faec088b952e", size = 139966, upload-time = "2025-12-01T13:15:22.036Z" },
    { url = "https://files.pythonhosted.org/packages/e8/3b/e0859e54adabdde8a24a29d3f525ebb31c71ddf2e8d93edce83a3c212ffc/pyclipper-1.4.0-cp314-cp314-manylinux2014_x86_64.manylinux_2_17_x86_64.whl", hash = "sha256:773c0e06b683214dcfc6711be230c83b03cddebe8a57eae053d4603dd63582f9", size = 968216, upload-time = "2025-12-01T13:15:23.18Z" },
    { url = "https://files.pythonhosted.org/packages/f6/6b/e3c4febf0a35ae643ee579b09988dd931602b5bf311020535fd9e5b7e715/pyclipper-1.4.0-cp314-cp314-manylinux_2_24_aarch64.manylinux_2_28_aarch64.whl", hash = "sha256:9bc45f2463d997848450dbed91c950ca37c6cf27f84a49a5cad4affc0b469e39", size = 954198, upload-time = "2025-12-01T13:15:24.522Z" },
    { url = "https://files.pythonhosted.org/packages/fc/74/728efcee02e12acb486ce9d56fa037120c9bf5b77c54bbdbaa441c14a9d9/pyclipper-1.4.0-cp314-cp314-win32.whl", hash = "sha256:0b8c2105b3b3c44dbe1a266f64309407fe30bf372cf39a94dc8aaa97df00da5b", size = 96951, upload-time = "2025-12-01T13:15:25.79Z" },
    { url = "https://files.pythonhosted.org/packages/e3/d7/7f4354e69f10a917e5c7d5d72a499ef2e10945312f5e72c414a0a08d2ae4/pyclipper-1.4.0-cp314-cp314-win_amd64.whl", hash = "sha256:6c317e182590c88ec0194149995e3d71a979cfef3b246383f4e035f9d4a11826", size = 106782, upload-time = "2025-12-01T13:15:26.945Z" },
    { url = "https://files.pythonhosted.org/packages/63/60/fc32c7a3d7f61a970511ec2857ecd09693d8ac80d560ee7b8e67a6d268c9/pyclipper-1.4.0-cp314-cp314t-macosx_10_15_universal2.whl", hash = "sha256:f160a2c6ba036f7eaf09f1f10f4fbfa734234af9112fb5187877efed78df9303", size = 269880, upload-time = "2025-12-01T13:15:28.117Z" },
    { url = "https://files.pythonhosted.org/packages/49/df/c4a72d3f62f0ba03ec440c4fff56cd2d674a4334d23c5064cbf41c9583f6/pyclipper-1.4.0-cp314-cp314t-macosx_10_15_x86_64.whl", hash = "sha256:a9f11ad133257c52c40d50de7a0ca3370a0cdd8e3d11eec0604ad3c34ba549e9", size = 141706, upload-time = "2025-12-01T13:15:30.134Z" },
    { url = "https://files.pythonhosted.org/packages/c5/0b/cf55df03e2175e1e2da9db585241401e0bc98f76bee3791bed39d0313449/pyclipper-1.4.0-cp314-cp314t-win32.whl", hash = "sha256:bbc827b77442c99deaeee26e0e7f172355ddb097a5e126aea206d447d3b26286", size = 105308, upload-time = "2025-12-01T13:15:31.225Z" },
    { url = "https://files.pythonhosted.org/packages/8f/dc/53df8b6931d47080b4fe4ee8450d42e660ee1c5c1556c7ab73359182b769/pyclipper-1.4.0-cp314-cp314t-win_amd64.whl", hash = "sha256:29dae3e0296dff8502eeb7639fcfee794b0eec8590ba3563aee28db269da6b04", size = 117608, upload-time = "2025-12-01T13:15:32.69Z" },
]

[[package]]
name = "test-for-ufo2ft-issue-988"
version = "0.1.0"
source = { virtual = "." }
dependencies = [
    { name = "fonttools" },
    { name = "tqdm" },
    { name = "ufo2ft" },
    { name = "ufolib2" },
    { name = "uharfbuzz" },
]

[package.metadata]
requires-dist = [
    { name = "fonttools", specifier = ">=4.63.0" },
    { name = "tqdm", specifier = ">=4.68.3" },
    { name = "ufo2ft", specifier = ">=3.8.1" },
    { name = "ufolib2", specifier = ">=0.18.1" },
    { name = "uharfbuzz", specifier = ">=0.55.0" },
]

[package.metadata.requires-dev]
dev = []

[[package]]
name = "tqdm"
version = "4.68.3"
source = { registry = "https://pypi.org/simple" }
dependencies = [
    { name = "colorama", marker = "sys_platform == 'win32'" },
]
sdist = { url = "https://files.pythonhosted.org/packages/87/d7/0535a28b1f5f24f6612fb3ff1e89fb1a8d160fee0f976e0aa6803862134b/tqdm-4.68.3.tar.gz", hash = "sha256:00dfa48452b6b6cfae3dd9885636c23d3422d1ec97c66d96818cbd5e0821d482", size = 170596, upload-time = "2026-06-17T07:36:52.105Z" }
wheels = [
    { url = "https://files.pythonhosted.org/packages/d8/8e/bb97bb0c71802080bfc8952937d174e49cfc50de5c951dd47b2496f0dcdb/tqdm-4.68.3-py3-none-any.whl", hash = "sha256:39832cc2def2789a6f29df83f172db7416cea70052c0907a57801c5f2fdccb03", size = 78337, upload-time = "2026-06-17T07:36:50.132Z" },
]

[[package]]
name = "ufo2ft"
version = "3.8.2"
source = { registry = "https://pypi.org/simple" }
dependencies = [
    { name = "booleanoperations" },
    { name = "cffsubr" },
    { name = "fontmath" },
    { name = "fonttools" },
]
sdist = { url = "https://files.pythonhosted.org/packages/e6/79/96f8edc9c1a2fc7fb32b3cf40707c7ca9021ca93582c455d9bdb421977c7/ufo2ft-3.8.2.tar.gz", hash = "sha256:8304ba15a23c901b99f8a129fa04364546e6c9f9a4ed37e627c11844fd7ea8d4", size = 459684, upload-time = "2026-06-15T16:50:10.658Z" }
wheels = [
    { url = "https://files.pythonhosted.org/packages/06/93/0a0e7bc3abd1af0476860f00528f328185c7ff027de026ea48120a4a7b37/ufo2ft-3.8.2-py3-none-any.whl", hash = "sha256:89dfa9e88b59b2ef1505654f90313cfe8be495bd0043bb851c95123c8670d230", size = 168750, upload-time = "2026-06-15T16:50:09.114Z" },
]

[[package]]
name = "ufolib2"
version = "0.18.1"
source = { registry = "https://pypi.org/simple" }
dependencies = [
    { name = "attrs" },
    { name = "fonttools" },
]
sdist = { url = "https://files.pythonhosted.org/packages/f7/32/4df1cf042ec48d0179d011067ba76051bb2f8462a5477bb33127f9391b41/ufolib2-0.18.1.tar.gz", hash = "sha256:7de0efcc361c573f2537ee7ceabdb3bc64b19b61304cfa25e828caa7db8ae1a4", size = 97870, upload-time = "2025-07-10T11:40:43.824Z" }
wheels = [
    { url = "https://files.pythonhosted.org/packages/99/e3/53c4bd16a3b8a57e2d8840a31bb8dfe2a94f2e5e09f21ca5557521394bbe/ufolib2-0.18.1-py3-none-any.whl", hash = "sha256:d9d46da19880c09a2e7a25facabe8f30e5847236af0b21721442313d1e037db3", size = 53034, upload-time = "2025-07-10T11:40:42.426Z" },
]

[[package]]
name = "uharfbuzz"
version = "0.55.0"
source = { registry = "https://pypi.org/simple" }
sdist = { url = "https://files.pythonhosted.org/packages/0c/2d/25769d2262cafcea748aac7bfb2b9eeb0a9fe2a759b4154133a6d9f39870/uharfbuzz-0.55.0.tar.gz", hash = "sha256:a29bda4c147c35240a71051315423b1933b46eac558a72f55d9ffdc1f2bbb69f", size = 2012220, upload-time = "2026-06-03T21:18:37.553Z" }
wheels = [
    { url = "https://files.pythonhosted.org/packages/ba/05/8e4e62ee1d1f7a1060168bc5af14aa203b9d310a3eb7e97bae00d1b7dc1d/uharfbuzz-0.55.0-cp310-abi3-macosx_10_9_universal2.whl", hash = "sha256:40df0ff4d0c7af29c07a8adc614fb0dd421d9c4d8a139362a80a4ceb71e94a71", size = 2961874, upload-time = "2026-06-03T21:18:15.019Z" },
    { url = "https://files.pythonhosted.org/packages/d7/56/706b3f41dc72f8c578bdecda4ecf132cff3d3fa7aeab76fff64c4e6eabf2/uharfbuzz-0.55.0-cp310-abi3-manylinux2014_aarch64.manylinux_2_17_aarch64.manylinux_2_28_aarch64.whl", hash = "sha256:13304721967d55e9718200453cae30f7952f95244af4b0fcb4561e8b456f5357", size = 1787206, upload-time = "2026-06-03T21:18:17.667Z" },
    { url = "https://files.pythonhosted.org/packages/a1/45/a9ad3ccc3dc731c1df8df7f4c4ae24b266c0bff71cc2a83dd28f7cdbc6d7/uharfbuzz-0.55.0-cp310-abi3-manylinux2014_x86_64.manylinux_2_17_x86_64.manylinux_2_28_x86_64.whl", hash = "sha256:d594f9e02a21745846477f02e13e900bfe9a697bad975fb3c26e241b7a8256c1", size = 1858288, upload-time = "2026-06-03T21:18:19.393Z" },
    { url = "https://files.pythonhosted.org/packages/51/40/cc980e006c9a6ff503764fca5a6012c582a0b4b52460a7c56ea07357e80b/uharfbuzz-0.55.0-cp310-abi3-musllinux_1_2_aarch64.whl", hash = "sha256:7daeb0ba227246ed8a5a59f64fa23ecec282bc0af13167752d51ae304d20852a", size = 2803129, upload-time = "2026-06-03T21:18:21.463Z" },
    { url = "https://files.pythonhosted.org/packages/68/3e/efa383c10b79dbd28fecb3f2ef6012e5d125b6b20c3174bf046d2a127dbd/uharfbuzz-0.55.0-cp310-abi3-musllinux_1_2_x86_64.whl", hash = "sha256:22415eaa87c670fac764053edfaebce1e05babd2cecb0e933170019ed3263109", size = 2907982, upload-time = "2026-06-03T21:18:23.3Z" },
    { url = "https://files.pythonhosted.org/packages/fd/d6/630c5c2813892f40b4a43427898685fbe75d809a68307c1e72d38f631aee/uharfbuzz-0.55.0-cp310-abi3-win32.whl", hash = "sha256:4d880af9e5b6f353945b5f5cd43c6989a01eb14ba327323b6b53f9c831ced801", size = 1089495, upload-time = "2026-06-03T21:18:25.021Z" },
    { url = "https://files.pythonhosted.org/packages/bf/f8/48c018bb9458243ac7dbdecbc3923d6f688c5e96a6afe75146901463cde7/uharfbuzz-0.55.0-cp310-abi3-win_amd64.whl", hash = "sha256:72f653625e33f68dda56b258b4b9dcd2ff9c9e4f21fd53c7bbff9d9620c4fba0", size = 1347256, upload-time = "2026-06-03T21:18:26.748Z" },
]
